
Microsoft Visual Studio Solution File, Format Version 12.00
# Visual Studio Version 17
VisualStudioVersion = 17.5.002.0
MinimumVisualStudioVersion = 10.0.40219.1
Project("{9A19103F-16F7-4668-BE54-9A1E7A4F7556}") = "DeviceTestApp", "DeviceTestApp.csproj", "{B202BA52-B700-4B27-8931-5C8A796AEF4A}"
EndProject
Global
	GlobalSection(SolutionConfigurationPlatforms) = preSolution
		Debug|Any CPU = Debug|Any CPU
		Release|Any CPU = Release|Any CPU
	EndGlobalSection
	GlobalSection(ProjectConfigurationPlatforms) = postSolution
		{B202BA52-B700-4B27-8931-5C8A796AEF4A}.Debug|Any CPU.ActiveCfg = Debug|Any CPU
		{B202BA52-B700-4B27-8931-5C8A796AEF4A}.Debug|Any CPU.Build.0 = Debug|Any CPU
		{B202BA52-B700-4B27-8931-5C8A796AEF4A}.Release|Any CPU.ActiveCfg = Release|Any CPU
		{B202BA52-B700-4B27-8931-5C8A796AEF4A}.Release|Any CPU.Build.0 = Release|Any CPU
	EndGlobalSection
	GlobalSection(SolutionProperties) = preSolution
		HideSolutionNode = FALSE
	EndGlobalSection
	GlobalSection(ExtensibilityGlobals) = postSolution
		SolutionGuid = {383441C7-6077-4C67-BA9E-B712C4F607E9}
	EndGlobalSection
EndGlobal
